Microsoft Visual Studio Solution File, Format Version 11.00
# Visual Studio 2010
Project("{F184B08F-C81C-45F6-A57F-5ABD9991F28F}") = "CustomColorizer", "CustomColorizer\CustomColorizer.vbproj", "{4E072A8B-4E75-4126-AB64-E74F071CEA20}"
EndProject
Global
	GlobalSection(SolutionConfigurationPlatforms) = preSolution
		Debug|x86 = Debug|x86
		Release|x86 = Release|x86
	EndGlobalSection
	GlobalSection(ProjectConfigurationPlatforms) = postSolution
		{4E072A8B-4E75-4126-AB64-E74F071CEA20}.Debug|x86.ActiveCfg = Debug|x86
		{4E072A8B-4E75-4126-AB64-E74F071CEA20}.Debug|x86.Build.0 = Debug|x86
		{4E072A8B-4E75-4126-AB64-E74F071CEA20}.Release|x86.ActiveCfg = Release|x86
		{4E072A8B-4E75-4126-AB64-E74F071CEA20}.Release|x86.Build.0 = Release|x86
	EndGlobalSection
	GlobalSection(SolutionProperties) = preSolution
		HideSolutionNode = FALSE
	EndGlobalSection
EndGlobal
